
Microsoft Visual Studio Solution File, Format Version 12.00
# Visual Studio 15
VisualStudioVersion = 15.0.27428.2037
MinimumVisualStudioVersion = 10.0.40219.1
Project("{8BC9CEB8-8B4A-11D0-8D11-00A0C91BC942}") = "ITPP111_QK2SBJLC9_Q3.1", "ITPP111_QK2SBJLC9_Q3.1\ITPP111_QK2SBJLC9_Q3.1.vcxproj", "{E2354231-B4B6-4DF9-BB8A-37CF9C54F1E9}"
EndProject
Global
	GlobalSection(SolutionConfigurationPlatforms) = preSolution
		Debug|x64 = Debug|x64
		Debug|x86 = Debug|x86
		Release|x64 = Release|x64
		Release|x86 = Release|x86
	EndGlobalSection
	GlobalSection(ProjectConfigurationPlatforms) = postSolution
		{E2354231-B4B6-4DF9-BB8A-37CF9C54F1E9}.Debug|x64.ActiveCfg = Debug|x64
		{E2354231-B4B6-4DF9-BB8A-37CF9C54F1E9}.Debug|x64.Build.0 = Debug|x64
		{E2354231-B4B6-4DF9-BB8A-37CF9C54F1E9}.Debug|x86.ActiveCfg = Debug|Win32
		{E2354231-B4B6-4DF9-BB8A-37CF9C54F1E9}.Debug|x86.Build.0 = Debug|Win32
		{E2354231-B4B6-4DF9-BB8A-37CF9C54F1E9}.Release|x64.ActiveCfg = Release|x64
		{E2354231-B4B6-4DF9-BB8A-37CF9C54F1E9}.Release|x64.Build.0 = Release|x64
		{E2354231-B4B6-4DF9-BB8A-37CF9C54F1E9}.Release|x86.ActiveCfg = Release|Win32
		{E2354231-B4B6-4DF9-BB8A-37CF9C54F1E9}.Release|x86.Build.0 = Release|Win32
	EndGlobalSection
	GlobalSection(SolutionProperties) = preSolution
		HideSolutionNode = FALSE
	EndGlobalSection
	GlobalSection(ExtensibilityGlobals) = postSolution
		SolutionGuid = {5A29E44A-436D-4BA3-B1B1-68CE466463E6}
	EndGlobalSection
EndGlobal
